// !$*UTF8*$!
{
	archiveVersion = 1;
	classes = {
	};
	objectVersion = 46;
	objects = {

/* Begin PBXBuildFile section */
		11739AA81E8D8AEC00510D44 /* AppDelegate.swift in Sources */ = {isa = PBXBuildFile; fileRef = 11739AA71E8D8AEC00510D44 /* AppDelegate.swift */; };
		11739AAA1E8D8AEC00510D44 /* ViewController.swift in Sources */ = {isa = PBXBuildFile; fileRef = 11739AA91E8D8AEC00510D44 /* ViewController.swift */; };
		11739AAD1E8D8AEC00510D44 /* Main.storyboard in Resources */ = {isa = PBXBuildFile; fileRef = 11739AAB1E8D8AEC00510D44 /* Main.storyboard */; };
		11739AAF1E8D8AEC00510D44 /* Assets.xcassets in Resources */ = {isa = PBXBuildFile; fileRef = 11739AAE1E8D8AEC00510D44 /* Assets.xcassets */; };
		11739AB21E8D8AEC00510D44 /* LaunchScreen.storyboard in Resources */ = {isa = PBXBuildFile; fileRef = 11739AB01E8D8AEC00510D44 /* LaunchScreen.storyboard */; };
		11739ABA1E8D8B2A00510D44 /* btn.wav in Resources */ = {isa = PBXBuildFile; fileRef = 11739AB91E8D8B2A00510D44 /* btn.wav */; };
		11739ABC1E8DC15A00510D44 /* Hermit-medium.otf in Resources */ = {isa = PBXBuildFile; fileRef = 11739ABB1E8DC15A00510D44 /* Hermit-medium.otf */; };
/* End PBXBuildFile section */

/* Begin PBXFileReference section */
		11739AA41E8D8AEC00510D44 /* retroCalculations.app */ = {isa = PBXFileReference; explicitFileType = wrapper.application; includeInIndex = 0; path = retroCalculations.app; sourceTree = BUILT_PRODUCTS_DIR; };
		11739AA71E8D8AEC00510D44 /* AppDelegate.swift */ = {isa = PBXFileReference; lastKnownFileType = sourcecode.swift; path = AppDelegate.swift; sourceTree = "<group>"; };
		11739AA91E8D8AEC00510D44 /* ViewController.swift */ = {isa = PBXFileReference; lastKnownFileType = sourcecode.swift; path = ViewController.swift; sourceTree = "<group>"; };
		11739AAC1E8D8AEC00510D44 /* Base */ = {isa = PBXFileReference; lastKnownFileType = file.storyboard; name = Base; path = Base.lproj/Main.storyboard; sourceTree = "<group>"; };
		11739AAE1E8D8AEC00510D44 /* Assets.xcassets */ = {isa = PBXFileReference; lastKnownFileType = folder.assetcatalog; path = Assets.xcassets; sourceTree = "<group>"; };
		11739AB11E8D8AEC00510D44 /* Base */ = {isa = PBXFileReference; lastKnownFileType = file.storyboard; name = Base; path = Base.lproj/LaunchScreen.storyboard; sourceTree = "<group>"; };
		11739AB31E8D8AEC00510D44 /* Info.plist */ = {isa = PBXFileReference; lastKnownFileType = text.plist.xml; path = Info.plist; sourceTree = "<group>"; };
		11739AB91E8D8B2A00510D44 /* btn.wav */ = {isa = PBXFileReference; lastKnownFileType = audio.wav; path = btn.wav; sourceTree = "<group>"; };
		11739ABB1E8DC15A00510D44 /* Hermit-medium.otf */ = {isa = PBXFileReference; lastKnownFileType = file; path = "Hermit-medium.otf"; sourceTree = "<group>"; };
/* End PBXFileReference section */

/* Begin PBXFrameworksBuildPhase section */
		11739AA11E8D8AEC00510D44 /* Frameworks */ = {
			isa = PBXFrameworksBuildPhase;
			buildActionMask = 2147483647;
			files = (
			);
			runOnlyForDeploymentPostprocessing = 0;
		};
/* End PBXFrameworksBuildPhase section */

/* Begin PBXGroup section */
		11739A9B1E8D8AEC00510D44 = {
			isa = PBXGroup;
			children = (
				11739AA61E8D8AEC00510D44 /* retroCalculations */,
				11739AA51E8D8AEC00510D44 /* Products */,
			);
			sourceTree = "<group>";
		};
		11739AA51E8D8AEC00510D44 /* Products */ = {
			isa = PBXGroup;
			children = (
				11739AA41E8D8AEC00510D44 /* retroCalculations.app */,
			);
			name = Products;
			sourceTree = "<group>";
		};
		11739AA61E8D8AEC00510D44 /* retroCalculations */ = {
			isa = PBXGroup;
			children = (
				11739AA71E8D8AEC00510D44 /* AppDelegate.swift */,
				11739ABB1E8DC15A00510D44 /* Hermit-medium.otf */,
				11739AA91E8D8AEC00510D44 /* ViewController.swift */,
				11739AAB1E8D8AEC00510D44 /* Main.storyboard */,
				11739AAE1E8D8AEC00510D44 /* Assets.xcassets */,
				11739AB01E8D8AEC00510D44 /* LaunchScreen.storyboard */,
				11739AB31E8D8AEC00510D44 /* Info.plist */,
				11739AB91E8D8B2A00510D44 /* btn.wav */,
			);
			path = retroCalculations;
			sourceTree = "<group>";
		};
/* End PBXGroup section */

/* Begin PBXNativeTarget section */
		11739AA31E8D8AEC00510D44 /* retroCalculations */ = {
			isa = PBXNativeTarget;
			buildConfigurationList = 11739AB61E8D8AEC00510D44 /* Build configuration list for PBXNativeTarget "retroCalculations" */;
			buildPhases = (
				11739AA01E8D8AEC00510D44 /* Sources */,
				11739AA11E8D8AEC00510D44 /* Frameworks */,
				11739AA21E8D8AEC00510D44 /* Resources */,
			);
			buildRules = (
			);
			dependencies = (
			);
			name = retroCalculations;
			productName = retroCalculations;
			productReference = 11739AA41E8D8AEC00510D44 /* retroCalculations.app */;
			productType = "com.apple.product-type.application";
		};
/* End PBXNativeTarget section */

/* Begin PBXProject section */
		11739A9C1E8D8AEC00510D44 /* Project object */ = {
			isa = PBXProject;
			attributes = {
				LastSwiftUpdateCheck = 0820;
				LastUpgradeCheck = 0820;
				ORGANIZATIONNAME = Szi;
				TargetAttributes = {
					11739AA31E8D8AEC00510D44 = {
						CreatedOnToolsVersion = 8.2.1;
						DevelopmentTeam = DASLK2R355;
						ProvisioningStyle = Automatic;
					};
				};
			};
			buildConfigurationList = 11739A9F1E8D8AEC00510D44 /* Build configuration list for PBXProject "retroCalculations" */;
			compatibilityVersion = "Xcode 3.2";
			developmentRegion = English;
			hasScannedForEncodings = 0;
			knownRegions = (
				en,
				Base,
			);
			mainGroup = 11739A9B1E8D8AEC00510D44;
			productRefGroup = 11739AA51E8D8AEC00510D44 /* Products */;
			projectDirPath = "";
			projectRoot = "";
			targets = (
				11739AA31E8D8AEC00510D44 /* retroCalculations */,
			);
		};
/* End PBXProject section */

/* Begin PBXResourcesBuildPhase section */
		11739AA21E8D8AEC00510D44 /* Resources */ = {
			isa = PBXResourcesBuildPhase;
			buildActionMask = 2147483647;
			files = (
				11739AB21E8D8AEC00510D44 /* LaunchScreen.storyboard in Resources */,
				11739AAF1E8D8AEC00510D44 /* Assets.xcassets in Resources */,
				11739AAD1E8D8AEC00510D44 /* Main.storyboard in Resources */,
				11739ABA1E8D8B2A00510D44 /* btn.wav in Resources */,
				11739ABC1E8DC15A00510D44 /* Hermit-medium.otf in Resources */,
			);
			runOnlyForDeploymentPostprocessing = 0;
		};
/* End PBXResourcesBuildPhase section */

/* Begin PBXSourcesBuildPhase section */
		11739AA01E8D8AEC00510D44 /* Sources */ = {
			isa = PBXSourcesBuildPhase;
			buildActionMask = 2147483647;
			files = (
				11739AAA1E8D8AEC00510D44 /* ViewController.swift in Sources */,
				11739AA81E8D8AEC00510D44 /* AppDelegate.swift in Sources */,
			);
			runOnlyForDeploymentPostprocessing = 0;
		};
/* End PBXSourcesBuildPhase section */

/* Begin PBXVariantGroup section */
		11739AAB1E8D8AEC00510D44 /* Main.storyboard */ = {
			isa = PBXVariantGroup;
			children = (
				11739AAC1E8D8AEC00510D44 /* Base */,
			);
			name = Main.storyboard;
			sourceTree = "<group>";
		};
		11739AB01E8D8AEC00510D44 /* LaunchScreen.storyboard */ = {
			isa = PBXVariantGroup;
			children = (
				11739AB11E8D8AEC00510D44 /* Base */,
			);
			name = LaunchScreen.storyboard;
			sourceTree = "<group>";
		};
/* End PBXVariantGroup section */

/* Begin XCBuildConfiguration section */
		11739AB41E8D8AEC00510D44 /* Debug */ = {
			isa = XCBuildConfiguration;
			buildSettings = {
				ALWAYS_SEARCH_USER_PATHS = NO;
				CLANG_ANALYZER_NONNULL = YES;
				CLANG_CXX_LANGUAGE_STANDARD = "gnu++0x";
				CLANG_CXX_LIBRARY = "libc++";
				CLANG_ENABLE_MODULES = YES;
				CLANG_ENABLE_OBJC_ARC = YES;
				CLANG_WARN_BOOL_CONVERSION = YES;
				CLANG_WARN_CONSTANT_CONVERSION = YES;
				CLANG_WARN_DIRECT_OBJC_ISA_USAGE = YES_ERROR;
				CLANG_WARN_DOCUMENTATION_COMMENTS = YES;
				CLANG_WARN_EMPTY_BODY = YES;
				CLANG_WARN_ENUM_CONVERSION = YES;
				CLANG_WARN_INFINITE_RECURSION = YES;
				CLANG_WARN_INT_CONVERSION = YES;
				CLANG_WARN_OBJC_ROOT_CLASS = YES_ERROR;
				CLANG_WARN_SUSPICIOUS_MOVE = YES;
				CLANG_WARN_UNREACHABLE_CODE = YES;
				CLANG_WARN__DUPLICATE_METHOD_MATCH = YES;
				"CODE_SIGN_IDENTITY[sdk=iphoneos*]" = "iPhone Developer";
				COPY_PHASE_STRIP = NO;
				DEBUG_INFORMATION_FORMAT = dwarf;
				ENABLE_STRICT_OBJC_MSGSEND = YES;
				ENABLE_TESTABILITY = YES;
				GCC_C_LANGUAGE_STANDARD = gnu99;
				GCC_DYNAMIC_NO_PIC = NO;
				GCC_NO_COMMON_BLOCKS = YES;
				GCC_OPTIMIZATION_LEVEL = 0;
				GCC_PREPROCESSOR_DEFINITIONS = (
					"DEBUG=1",
					"$(inherited)",
				);
				GCC_WARN_64_TO_32_BIT_CONVERSION = YES;
				GCC_WARN_ABOUT_RETURN_TYPE = YES_ERROR;
				GCC_WARN_UNDECLARED_SELECTOR = YES;
				GCC_WARN_UNINITIALIZED_AUTOS = YES_AGGRESSIVE;
				GCC_WARN_UNUSED_FUNCTION = YES;
				GCC_WARN_UNUSED_VARIABLE = YES;
				IPHONEOS_DEPLOYMENT_TARGET = 10.2;
				MTL_ENABLE_DEBUG_INFO = YES;
				ONLY_ACTIVE_ARCH = YES;
				SDKROOT = iphoneos;
				SWIFT_ACTIVE_COMPILATION_CONDITIONS = DEBUG;
				SWIFT_OPTIMIZATION_LEVEL = "-Onone";
			};
			name = Debug;
		};
		11739AB51E8D8AEC00510D44 /* Release */ = {
			isa = XCBuildConfiguration;
			buildSettings = {
				ALWAYS_SEARCH_USER_PATHS = NO;
				CLANG_ANALYZER_NONNULL = YES;
				CLANG_CXX_LANGUAGE_STANDARD = "gnu++0x";
				CLANG_CXX_LIBRARY = "libc++";
				CLANG_ENABLE_MODULES = YES;
				CLANG_ENABLE_OBJC_ARC = YES;
				CLANG_WARN_BOOL_CONVERSION = YES;
				CLANG_WARN_CONSTANT_CONVERSION = YES;
				CLANG_WARN_DIRECT_OBJC_ISA_USAGE = YES_ERROR;
				CLANG_WARN_DOCUMENTATION_COMMENTS = YES;
				CLANG_WARN_EMPTY_BODY = YES;
				CLANG_WARN_ENUM_CONVERSION = YES;
				CLANG_WARN_INFINITE_RECURSION = YES;
				CLANG_WARN_INT_CONVERSION = YES;
				CLANG_WARN_OBJC_ROOT_CLASS = YES_ERROR;
				CLANG_WARN_SUSPICIOUS_MOVE = YES;
				CLANG_WARN_UNREACHABLE_CODE = YES;
				CLANG_WARN__DUPLICATE_METHOD_MATCH = YES;
				"CODE_SIGN_IDENTITY[sdk=iphoneos*]" = "iPhone Developer";
				COPY_PHASE_STRIP = NO;
				DEBUG_INFORMATION_FORMAT = "dwarf-with-dsym";
				ENABLE_NS_ASSERTIONS = NO;
				ENABLE_STRICT_OBJC_MSGSEND = YES;
				GCC_C_LANGUAGE_STANDARD = gnu99;
				GCC_NO_COMMON_BLOCKS = YES;
				GCC_WARN_64_TO_32_BIT_CONVERSION = YES;
				GCC_WARN_ABOUT_RETURN_TYPE = YES_ERROR;
				GCC_WARN_UNDECLARED_SELECTOR = YES;
				GCC_WARN_UNINITIALIZED_AUTOS = YES_AGGRESSIVE;
				GCC_WARN_UNUSED_FUNCTION = YES;
				GCC_WARN_UNUSED_VARIABLE = YES;
				IPHONEOS_DEPLOYMENT_TARGET = 10.2;
				MTL_ENABLE_DEBUG_INFO = NO;
				SDKROOT = iphoneos;
				SWIFT_OPTIMIZATION_LEVEL = "-Owholemodule";
				VALIDATE_PRODUCT = YES;
			};
			name = Release;
		};
		11739AB71E8D8AEC00510D44 /* Debug */ = {
			isa = XCBuildConfiguration;
			buildSettings = {
				ASSETCATALOG_COMPILER_APPICON_NAME = AppIcon;
				DEVELOPMENT_TEAM = DASLK2R355;
				INFOPLIST_FILE = retroCalculations/Info.plist;
				LD_RUNPATH_SEARCH_PATHS = "$(inherited) @executable_path/Frameworks";
				PRODUCT_BUNDLE_IDENTIFIER = com.Szi.retroCalculations;
				PRODUCT_NAME = "$(TARGET_NAME)";
				SWIFT_VERSION = 3.0;
			};
			name = Debug;
		};
		11739AB81E8D8AEC00510D44 /* Release */ = {
			isa = XCBuildConfiguration;
			buildSettings = {
				ASSETCATALOG_COMPILER_APPICON_NAME = AppIcon;
				DEVELOPMENT_TEAM = DASLK2R355;
				INFOPLIST_FILE = retroCalculations/Info.plist;
				LD_RUNPATH_SEARCH_PATHS = "$(inherited) @executable_path/Frameworks";
				PRODUCT_BUNDLE_IDENTIFIER = com.Szi.retroCalculations;
				PRODUCT_NAME = "$(TARGET_NAME)";
				SWIFT_VERSION = 3.0;
			};
			name = Release;
		};
/* End XCBuildConfiguration section */

/* Begin XCConfigurationList section */
		11739A9F1E8D8AEC00510D44 /* Build configuration list for PBXProject "retroCalculations" */ = {
			isa = XCConfigurationList;
			buildConfigurations = (
				11739AB41E8D8AEC00510D44 /* Debug */,
				11739AB51E8D8AEC00510D44 /* Release */,
			);
			defaultConfigurationIsVisible = 0;
			defaultConfigurationName = Release;
		};
		11739AB61E8D8AEC00510D44 /* Build configuration list for PBXNativeTarget "retroCalculations" */ = {
			isa = XCConfigurationList;
			buildConfigurations = (
				11739AB71E8D8AEC00510D44 /* Debug */,
				11739AB81E8D8AEC00510D44 /* Release */,
			);
			defaultConfigurationIsVisible = 0;
		};
/* End XCConfigurationList section */
	};
	rootObject = 11739A9C1E8D8AEC00510D44 /* Project object */;
}
